
Microsoft Visual Studio Solution File, Format Version 12.00
# Visual Studio Version 17
VisualStudioVersion = 17.0.31903.59
MinimumVisualStudioVersion = 10.0.40219.1
Project("{FAE04EC0-301F-11D3-BF4B-00C04F79EFBC}") = "ExpandWorldEvents", "ExpandWorldEvents\ExpandWorldEvents.csproj", "{A0FAC6C5-C8C6-424D-AA81-0C50F66A77EE}"
EndProject
Global
	GlobalSection(SolutionConfigurationPlatforms) = preSolution
		Debug|Any CPU = Debug|Any CPU
		Release|Any CPU = Release|Any CPU
	EndGlobalSection
	GlobalSection(SolutionProperties) = preSolution
		HideSolutionNode = FALSE
	EndGlobalSection
	GlobalSection(ProjectConfigurationPlatforms) = postSolution
		{A0FAC6C5-C8C6-424D-AA81-0C50F66A77EE}.Debug|Any CPU.ActiveCfg = Debug|Any CPU
		{A0FAC6C5-C8C6-424D-AA81-0C50F66A77EE}.Debug|Any CPU.Build.0 = Debug|Any CPU
		{A0FAC6C5-C8C6-424D-AA81-0C50F66A77EE}.Release|Any CPU.ActiveCfg = Release|Any CPU
		{A0FAC6C5-C8C6-424D-AA81-0C50F66A77EE}.Release|Any CPU.Build.0 = Release|Any CPU
	EndGlobalSection
EndGlobal
